
Microsoft Visual Studio Solution File, Format Version 12.00
# Visual Studio Version 17
VisualStudioVersion = 17.4.33122.133
MinimumVisualStudioVersion = 10.0.40219.1
Project("{FAE04EC0-301F-11D3-BF4B-00C04F79EFBC}") = "CRUDOOP", "CRUDOOP\CRUDOOP.csproj", "{45B9FFF3-B643-48B2-B27C-5E97B35EC817}"
EndProject
Global
	GlobalSection(SolutionConfigurationPlatforms) = preSolution
		Debug|Any CPU = Debug|Any CPU
		Release|Any CPU = Release|Any CPU
	EndGlobalSection
	GlobalSection(ProjectConfigurationPlatforms) = postSolution
		{45B9FFF3-B643-48B2-B27C-5E97B35EC817}.Debug|Any CPU.ActiveCfg = Debug|Any CPU
		{45B9FFF3-B643-48B2-B27C-5E97B35EC817}.Debug|Any CPU.Build.0 = Debug|Any CPU
		{45B9FFF3-B643-48B2-B27C-5E97B35EC817}.Release|Any CPU.ActiveCfg = Release|Any CPU
		{45B9FFF3-B643-48B2-B27C-5E97B35EC817}.Release|Any CPU.Build.0 = Release|Any CPU
	EndGlobalSection
	GlobalSection(SolutionProperties) = preSolution
		HideSolutionNode = FALSE
	EndGlobalSection
	GlobalSection(ExtensibilityGlobals) = postSolution
		SolutionGuid = {83E6BE95-5C06-4BFE-8B89-B700A1D134E2}
	EndGlobalSection
EndGlobal
